
Microsoft Visual Studio Solution File, Format Version 12.00
# Visual Studio Version 17
VisualStudioVersion = 17.6.33815.320
MinimumVisualStudioVersion = 10.0.40219.1
Project("{FAE04EC0-301F-11D3-BF4B-00C04F79EFBC}") = "Pogoda", "Pogoda\Pogoda.csproj", "{99607891-B99C-4B43-804B-D8C1F57E81D7}"
EndProject
Global
	GlobalSection(SolutionConfigurationPlatforms) = preSolution
		Debug|Any CPU = Debug|Any CPU
		Release|Any CPU = Release|Any CPU
	EndGlobalSection
	GlobalSection(ProjectConfigurationPlatforms) = postSolution
		{99607891-B99C-4B43-804B-D8C1F57E81D7}.Debug|Any CPU.ActiveCfg = Debug|Any CPU
		{99607891-B99C-4B43-804B-D8C1F57E81D7}.Debug|Any CPU.Build.0 = Debug|Any CPU
		{99607891-B99C-4B43-804B-D8C1F57E81D7}.Release|Any CPU.ActiveCfg = Release|Any CPU
		{99607891-B99C-4B43-804B-D8C1F57E81D7}.Release|Any CPU.Build.0 = Release|Any CPU
	EndGlobalSection
	GlobalSection(SolutionProperties) = preSolution
		HideSolutionNode = FALSE
	EndGlobalSection
	GlobalSection(ExtensibilityGlobals) = postSolution
		SolutionGuid = {22350FA4-9B78-4148-A46B-BAE4082CCA04}
	EndGlobalSection
EndGlobal
